
Microsoft Visual Studio Solution File, Format Version 12.00
# Visual Studio Version 16
VisualStudioVersion = 16.0.30907.101
MinimumVisualStudioVersion = 10.0.40219.1
Project("{888888A0-9F3D-457C-B088-3A5042F75D52}") = "GuessGame", "GuessGame\GuessGame.pyproj", "{4A4DDF2A-8762-4C27-B1C8-F1F1E81AD229}"
EndProject
Global
	GlobalSection(SolutionConfigurationPlatforms) = preSolution
		Debug|Any CPU = Debug|Any CPU
		Release|Any CPU = Release|Any CPU
	EndGlobalSection
	GlobalSection(ProjectConfigurationPlatforms) = postSolution
		{4A4DDF2A-8762-4C27-B1C8-F1F1E81AD229}.Debug|Any CPU.ActiveCfg = Debug|Any CPU
		{4A4DDF2A-8762-4C27-B1C8-F1F1E81AD229}.Release|Any CPU.ActiveCfg = Release|Any CPU
	EndGlobalSection
	GlobalSection(SolutionProperties) = preSolution
		HideSolutionNode = FALSE
	EndGlobalSection
	GlobalSection(ExtensibilityGlobals) = postSolution
		SolutionGuid = {A10B6159-3F1B-434B-800E-174822F99951}
	EndGlobalSection
EndGlobal
